// !$*UTF8*$!
{
	archiveVersion = 1;
	classes = {
	};
	objectVersion = 56;
	objects = {

/* Begin PBXBuildFile section */
		6471189A2B38AC500069D339 /* CircularProgressView.swift in Sources */ = {isa = PBXBuildFile; fileRef = 647118992B38AC500069D339 /* CircularProgressView.swift */; };
		64A30EE32B3E1BE9003CA9AF /* Request.swift in Sources */ = {isa = PBXBuildFile; fileRef = 64A30EE22B3E1BE9003CA9AF /* Request.swift */; };
		64A30EE52B3E1CD6003CA9AF /* HTTPMethod.swift in Sources */ = {isa = PBXBuildFile; fileRef = 64A30EE42B3E1CD6003CA9AF /* HTTPMethod.swift */; };
		64A30EE82B3E1F07003CA9AF /* MovieRequest.swift in Sources */ = {isa = PBXBuildFile; fileRef = 64A30EE72B3E1F07003CA9AF /* MovieRequest.swift */; };
		64A30EEA2B3E25D7003CA9AF /* MovieDetailsRequest.swift in Sources */ = {isa = PBXBuildFile; fileRef = 64A30EE92B3E25D7003CA9AF /* MovieDetailsRequest.swift */; };
		853756902ABA47CB00A9D789 /* MovieDetailViewModel.swift in Sources */ = {isa = PBXBuildFile; fileRef = 8537568F2ABA47CB00A9D789 /* MovieDetailViewModel.swift */; };
		853756922ABA48FA00A9D789 /* MovieDetailView.swift in Sources */ = {isa = PBXBuildFile; fileRef = 853756912ABA48FA00A9D789 /* MovieDetailView.swift */; };
		858B22762ABA103C007498D0 /* MovieSearchView.swift in Sources */ = {isa = PBXBuildFile; fileRef = 858B22752ABA103C007498D0 /* MovieSearchView.swift */; };
		858B22782ABA103D007498D0 /* Assets.xcassets in Resources */ = {isa = PBXBuildFile; fileRef = 858B22772ABA103D007498D0 /* Assets.xcassets */; };
		858B227B2ABA103D007498D0 /* Preview Assets.xcassets in Resources */ = {isa = PBXBuildFile; fileRef = 858B227A2ABA103D007498D0 /* Preview Assets.xcassets */; };
		858B22872ABA108F007498D0 /* Movie.swift in Sources */ = {isa = PBXBuildFile; fileRef = 858B22862ABA108F007498D0 /* Movie.swift */; };
		858B228A2ABA12B5007498D0 /* APIClient.swift in Sources */ = {isa = PBXBuildFile; fileRef = 858B22892ABA12B5007498D0 /* APIClient.swift */; };
		858B228C2ABA1FBC007498D0 /* MovieViewModel.swift in Sources */ = {isa = PBXBuildFile; fileRef = 858B228B2ABA1FBC007498D0 /* MovieViewModel.swift */; };
		858B22902ABA300F007498D0 /* MovieImageView.swift in Sources */ = {isa = PBXBuildFile; fileRef = 858B228F2ABA300F007498D0 /* MovieImageView.swift */; };
		858B22922ABA456A007498D0 /* MovieDetail.swift in Sources */ = {isa = PBXBuildFile; fileRef = 858B22912ABA456A007498D0 /* MovieDetail.swift */; };
		85E4D4682ABA535200067E23 /* MovieSearchApp.swift in Sources */ = {isa = PBXBuildFile; fileRef = 85E4D4672ABA535200067E23 /* MovieSearchApp.swift */; };
/* End PBXBuildFile section */

/* Begin PBXFileReference section */
		647118992B38AC500069D339 /* CircularProgressView.swift */ = {isa = PBXFileReference; lastKnownFileType = sourcecode.swift; path = CircularProgressView.swift; sourceTree = "<group>"; };
		64A30EE22B3E1BE9003CA9AF /* Request.swift */ = {isa = PBXFileReference; lastKnownFileType = sourcecode.swift; path = Request.swift; sourceTree = "<group>"; };
		64A30EE42B3E1CD6003CA9AF /* HTTPMethod.swift */ = {isa = PBXFileReference; lastKnownFileType = sourcecode.swift; path = HTTPMethod.swift; sourceTree = "<group>"; };
		64A30EE72B3E1F07003CA9AF /* MovieRequest.swift */ = {isa = PBXFileReference; lastKnownFileType = sourcecode.swift; path = MovieRequest.swift; sourceTree = "<group>"; };
		64A30EE92B3E25D7003CA9AF /* MovieDetailsRequest.swift */ = {isa = PBXFileReference; lastKnownFileType = sourcecode.swift; path = MovieDetailsRequest.swift; sourceTree = "<group>"; };
		8537568F2ABA47CB00A9D789 /* MovieDetailViewModel.swift */ = {isa = PBXFileReference; lastKnownFileType = sourcecode.swift; path = MovieDetailViewModel.swift; sourceTree = "<group>"; };
		853756912ABA48FA00A9D789 /* MovieDetailView.swift */ = {isa = PBXFileReference; lastKnownFileType = sourcecode.swift; path = MovieDetailView.swift; sourceTree = "<group>"; };
		858B22702ABA103C007498D0 /* FilmSearch.app */ = {isa = PBXFileReference; explicitFileType = wrapper.application; includeInIndex = 0; path = FilmSearch.app; sourceTree = BUILT_PRODUCTS_DIR; };
		858B22752ABA103C007498D0 /* MovieSearchView.swift */ = {isa = PBXFileReference; lastKnownFileType = sourcecode.swift; path = MovieSearchView.swift; sourceTree = "<group>"; };
		858B22772ABA103D007498D0 /* Assets.xcassets */ = {isa = PBXFileReference; lastKnownFileType = folder.assetcatalog; path = Assets.xcassets; sourceTree = "<group>"; };
		858B227A2ABA103D007498D0 /* Preview Assets.xcassets */ = {isa = PBXFileReference; lastKnownFileType = folder.assetcatalog; path = "Preview Assets.xcassets"; sourceTree = "<group>"; };
		858B22862ABA108F007498D0 /* Movie.swift */ = {isa = PBXFileReference; lastKnownFileType = sourcecode.swift; path = Movie.swift; sourceTree = "<group>"; };
		858B22892ABA12B5007498D0 /* APIClient.swift */ = {isa = PBXFileReference; lastKnownFileType = sourcecode.swift; path = APIClient.swift; sourceTree = "<group>"; };
		858B228B2ABA1FBC007498D0 /* MovieViewModel.swift */ = {isa = PBXFileReference; lastKnownFileType = sourcecode.swift; path = MovieViewModel.swift; sourceTree = "<group>"; };
		858B228F2ABA300F007498D0 /* MovieImageView.swift */ = {isa = PBXFileReference; lastKnownFileType = sourcecode.swift; path = MovieImageView.swift; sourceTree = "<group>"; };
		858B22912ABA456A007498D0 /* MovieDetail.swift */ = {isa = PBXFileReference; lastKnownFileType = sourcecode.swift; path = MovieDetail.swift; sourceTree = "<group>"; };
		85E4D4672ABA535200067E23 /* MovieSearchApp.swift */ = {isa = PBXFileReference; lastKnownFileType = sourcecode.swift; path = MovieSearchApp.swift; sourceTree = "<group>"; };
/* End PBXFileReference section */

/* Begin PBXFrameworksBuildPhase section */
		858B226D2ABA103C007498D0 /* Frameworks */ = {
			isa = PBXFrameworksBuildPhase;
			buildActionMask = 2147483647;
			files = (
			);
			runOnlyForDeploymentPostprocessing = 0;
		};
/* End PBXFrameworksBuildPhase section */

/* Begin PBXGroup section */
		647118982B38AC410069D339 /* Components */ = {
			isa = PBXGroup;
			children = (
				647118992B38AC500069D339 /* CircularProgressView.swift */,
			);
			path = Components;
			sourceTree = "<group>";
		};
		64A30EE62B3E1EFB003CA9AF /* Requests */ = {
			isa = PBXGroup;
			children = (
				64A30EE72B3E1F07003CA9AF /* MovieRequest.swift */,
				64A30EE92B3E25D7003CA9AF /* MovieDetailsRequest.swift */,
			);
			path = Requests;
			sourceTree = "<group>";
		};
		858B22672ABA103C007498D0 = {
			isa = PBXGroup;
			children = (
				858B22722ABA103C007498D0 /* MovieSearch */,
				858B22712ABA103C007498D0 /* Products */,
			);
			sourceTree = "<group>";
		};
		858B22712ABA103C007498D0 /* Products */ = {
			isa = PBXGroup;
			children = (
				858B22702ABA103C007498D0 /* FilmSearch.app */,
			);
			name = Products;
			sourceTree = "<group>";
		};
		858B22722ABA103C007498D0 /* MovieSearch */ = {
			isa = PBXGroup;
			children = (
				64A30EE62B3E1EFB003CA9AF /* Requests */,
				647118982B38AC410069D339 /* Components */,
				858B22882ABA1271007498D0 /* Service */,
				858B22832ABA1076007498D0 /* Model */,
				858B22822ABA1072007498D0 /* View */,
				858B22812ABA106D007498D0 /* ViewModel */,
				858B22772ABA103D007498D0 /* Assets.xcassets */,
				858B22792ABA103D007498D0 /* Preview Content */,
				85E4D4672ABA535200067E23 /* MovieSearchApp.swift */,
			);
			path = MovieSearch;
			sourceTree = "<group>";
		};
		858B22792ABA103D007498D0 /* Preview Content */ = {
			isa = PBXGroup;
			children = (
				858B227A2ABA103D007498D0 /* Preview Assets.xcassets */,
			);
			path = "Preview Content";
			sourceTree = "<group>";
		};
		858B22812ABA106D007498D0 /* ViewModel */ = {
			isa = PBXGroup;
			children = (
				858B228B2ABA1FBC007498D0 /* MovieViewModel.swift */,
				8537568F2ABA47CB00A9D789 /* MovieDetailViewModel.swift */,
			);
			path = ViewModel;
			sourceTree = "<group>";
		};
		858B22822ABA1072007498D0 /* View */ = {
			isa = PBXGroup;
			children = (
				858B22752ABA103C007498D0 /* MovieSearchView.swift */,
				858B228F2ABA300F007498D0 /* MovieImageView.swift */,
				853756912ABA48FA00A9D789 /* MovieDetailView.swift */,
			);
			path = View;
			sourceTree = "<group>";
		};
		858B22832ABA1076007498D0 /* Model */ = {
			isa = PBXGroup;
			children = (
				858B22862ABA108F007498D0 /* Movie.swift */,
				858B22912ABA456A007498D0 /* MovieDetail.swift */,
			);
			path = Model;
			sourceTree = "<group>";
		};
		858B22882ABA1271007498D0 /* Service */ = {
			isa = PBXGroup;
			children = (
				858B22892ABA12B5007498D0 /* APIClient.swift */,
				64A30EE22B3E1BE9003CA9AF /* Request.swift */,
				64A30EE42B3E1CD6003CA9AF /* HTTPMethod.swift */,
			);
			path = Service;
			sourceTree = "<group>";
		};
/* End PBXGroup section */

/* Begin PBXNativeTarget section */
		858B226F2ABA103C007498D0 /* FilmSearch */ = {
			isa = PBXNativeTarget;
			buildConfigurationList = 858B227E2ABA103D007498D0 /* Build configuration list for PBXNativeTarget "FilmSearch" */;
			buildPhases = (
				858B226C2ABA103C007498D0 /* Sources */,
				858B226D2ABA103C007498D0 /* Frameworks */,
				858B226E2ABA103C007498D0 /* Resources */,
			);
			buildRules = (
			);
			dependencies = (
			);
			name = FilmSearch;
			productName = FilmSearch;
			productReference = 858B22702ABA103C007498D0 /* FilmSearch.app */;
			productType = "com.apple.product-type.application";
		};
/* End PBXNativeTarget section */

/* Begin PBXProject section */
		858B22682ABA103C007498D0 /* Project object */ = {
			isa = PBXProject;
			attributes = {
				BuildIndependentTargetsInParallel = 1;
				LastSwiftUpdateCheck = 1430;
				LastUpgradeCheck = 1430;
				TargetAttributes = {
					858B226F2ABA103C007498D0 = {
						CreatedOnToolsVersion = 14.3.1;
					};
				};
			};
			buildConfigurationList = 858B226B2ABA103C007498D0 /* Build configuration list for PBXProject "MovieSearch" */;
			compatibilityVersion = "Xcode 14.0";
			developmentRegion = en;
			hasScannedForEncodings = 0;
			knownRegions = (
				en,
				Base,
			);
			mainGroup = 858B22672ABA103C007498D0;
			productRefGroup = 858B22712ABA103C007498D0 /* Products */;
			projectDirPath = "";
			projectRoot = "";
			targets = (
				858B226F2ABA103C007498D0 /* FilmSearch */,
			);
		};
/* End PBXProject section */

/* Begin PBXResourcesBuildPhase section */
		858B226E2ABA103C007498D0 /* Resources */ = {
			isa = PBXResourcesBuildPhase;
			buildActionMask = 2147483647;
			files = (
				858B227B2ABA103D007498D0 /* Preview Assets.xcassets in Resources */,
				858B22782ABA103D007498D0 /* Assets.xcassets in Resources */,
			);
			runOnlyForDeploymentPostprocessing = 0;
		};
/* End PBXResourcesBuildPhase section */

/* Begin PBXSourcesBuildPhase section */
		858B226C2ABA103C007498D0 /* Sources */ = {
			isa = PBXSourcesBuildPhase;
			buildActionMask = 2147483647;
			files = (
				853756922ABA48FA00A9D789 /* MovieDetailView.swift in Sources */,
				64A30EE32B3E1BE9003CA9AF /* Request.swift in Sources */,
				858B22762ABA103C007498D0 /* MovieSearchView.swift in Sources */,
				858B228C2ABA1FBC007498D0 /* MovieViewModel.swift in Sources */,
				858B22872ABA108F007498D0 /* Movie.swift in Sources */,
				858B228A2ABA12B5007498D0 /* APIClient.swift in Sources */,
				85E4D4682ABA535200067E23 /* MovieSearchApp.swift in Sources */,
				858B22902ABA300F007498D0 /* MovieImageView.swift in Sources */,
				858B22922ABA456A007498D0 /* MovieDetail.swift in Sources */,
				64A30EE52B3E1CD6003CA9AF /* HTTPMethod.swift in Sources */,
				853756902ABA47CB00A9D789 /* MovieDetailViewModel.swift in Sources */,
				64A30EE82B3E1F07003CA9AF /* MovieRequest.swift in Sources */,
				6471189A2B38AC500069D339 /* CircularProgressView.swift in Sources */,
				64A30EEA2B3E25D7003CA9AF /* MovieDetailsRequest.swift in Sources */,
			);
			runOnlyForDeploymentPostprocessing = 0;
		};
/* End PBXSourcesBuildPhase section */

/* Begin XCBuildConfiguration section */
		858B227C2ABA103D007498D0 /* Debug */ = {
			isa = XCBuildConfiguration;
			buildSettings = {
				ALWAYS_SEARCH_USER_PATHS = NO;
				CLANG_ANALYZER_NONNULL = YES;
				CLANG_ANALYZER_NUMBER_OBJECT_CONVERSION = YES_AGGRESSIVE;
				CLANG_CXX_LANGUAGE_STANDARD = "gnu++20";
				CLANG_ENABLE_MODULES = YES;
				CLANG_ENABLE_OBJC_ARC = YES;
				CLANG_ENABLE_OBJC_WEAK = YES;
				CLANG_WARN_BLOCK_CAPTURE_AUTORELEASING = YES;
				CLANG_WARN_BOOL_CONVERSION = YES;
				CLANG_WARN_COMMA = YES;
				CLANG_WARN_CONSTANT_CONVERSION = YES;
				CLANG_WARN_DEPRECATED_OBJC_IMPLEMENTATIONS = YES;
				CLANG_WARN_DIRECT_OBJC_ISA_USAGE = YES_ERROR;
				CLANG_WARN_DOCUMENTATION_COMMENTS = YES;
				CLANG_WARN_EMPTY_BODY = YES;
				CLANG_WARN_ENUM_CONVERSION = YES;
				CLANG_WARN_INFINITE_RECURSION = YES;
				CLANG_WARN_INT_CONVERSION = YES;
				CLANG_WARN_NON_LITERAL_NULL_CONVERSION = YES;
				CLANG_WARN_OBJC_IMPLICIT_RETAIN_SELF = YES;
				CLANG_WARN_OBJC_LITERAL_CONVERSION = YES;
				CLANG_WARN_OBJC_ROOT_CLASS = YES_ERROR;
				CLANG_WARN_QUOTED_INCLUDE_IN_FRAMEWORK_HEADER = YES;
				CLANG_WARN_RANGE_LOOP_ANALYSIS = YES;
				CLANG_WARN_STRICT_PROTOTYPES = YES;
				CLANG_WARN_SUSPICIOUS_MOVE = YES;
				CLANG_WARN_UNGUARDED_AVAILABILITY = YES_AGGRESSIVE;
				CLANG_WARN_UNREACHABLE_CODE = YES;
				CLANG_WARN__DUPLICATE_METHOD_MATCH = YES;
				COPY_PHASE_STRIP = NO;
				DEBUG_INFORMATION_FORMAT = dwarf;
				ENABLE_STRICT_OBJC_MSGSEND = YES;
				ENABLE_TESTABILITY = YES;
				GCC_C_LANGUAGE_STANDARD = gnu11;
				GCC_DYNAMIC_NO_PIC = NO;
				GCC_NO_COMMON_BLOCKS = YES;
				GCC_OPTIMIZATION_LEVEL = 0;
				GCC_PREPROCESSOR_DEFINITIONS = (
					"DEBUG=1",
					"$(inherited)",
				);
				GCC_WARN_64_TO_32_BIT_CONVERSION = YES;
				GCC_WARN_ABOUT_RETURN_TYPE = YES_ERROR;
				GCC_WARN_UNDECLARED_SELECTOR = YES;
				GCC_WARN_UNINITIALIZED_AUTOS = YES_AGGRESSIVE;
				GCC_WARN_UNUSED_FUNCTION = YES;
				GCC_WARN_UNUSED_VARIABLE = YES;
				IPHONEOS_DEPLOYMENT_TARGET = 16.4;
				MTL_ENABLE_DEBUG_INFO = INCLUDE_SOURCE;
				MTL_FAST_MATH = YES;
				ONLY_ACTIVE_ARCH = YES;
				SDKROOT = iphoneos;
				SWIFT_ACTIVE_COMPILATION_CONDITIONS = DEBUG;
				SWIFT_OPTIMIZATION_LEVEL = "-Onone";
			};
			name = Debug;
		};
		858B227D2ABA103D007498D0 /* Release */ = {
			isa = XCBuildConfiguration;
			buildSettings = {
				ALWAYS_SEARCH_USER_PATHS = NO;
				CLANG_ANALYZER_NONNULL = YES;
				CLANG_ANALYZER_NUMBER_OBJECT_CONVERSION = YES_AGGRESSIVE;
				CLANG_CXX_LANGUAGE_STANDARD = "gnu++20";
				CLANG_ENABLE_MODULES = YES;
				CLANG_ENABLE_OBJC_ARC = YES;
				CLANG_ENABLE_OBJC_WEAK = YES;
				CLANG_WARN_BLOCK_CAPTURE_AUTORELEASING = YES;
				CLANG_WARN_BOOL_CONVERSION = YES;
				CLANG_WARN_COMMA = YES;
				CLANG_WARN_CONSTANT_CONVERSION = YES;
				CLANG_WARN_DEPRECATED_OBJC_IMPLEMENTATIONS = YES;
				CLANG_WARN_DIRECT_OBJC_ISA_USAGE = YES_ERROR;
				CLANG_WARN_DOCUMENTATION_COMMENTS = YES;
				CLANG_WARN_EMPTY_BODY = YES;
				CLANG_WARN_ENUM_CONVERSION = YES;
				CLANG_WARN_INFINITE_RECURSION = YES;
				CLANG_WARN_INT_CONVERSION = YES;
				CLANG_WARN_NON_LITERAL_NULL_CONVERSION = YES;
				CLANG_WARN_OBJC_IMPLICIT_RETAIN_SELF = YES;
				CLANG_WARN_OBJC_LITERAL_CONVERSION = YES;
				CLANG_WARN_OBJC_ROOT_CLASS = YES_ERROR;
				CLANG_WARN_QUOTED_INCLUDE_IN_FRAMEWORK_HEADER = YES;
				CLANG_WARN_RANGE_LOOP_ANALYSIS = YES;
				CLANG_WARN_STRICT_PROTOTYPES = YES;
				CLANG_WARN_SUSPICIOUS_MOVE = YES;
				CLANG_WARN_UNGUARDED_AVAILABILITY = YES_AGGRESSIVE;
				CLANG_WARN_UNREACHABLE_CODE = YES;
				CLANG_WARN__DUPLICATE_METHOD_MATCH = YES;
				COPY_PHASE_STRIP = NO;
				DEBUG_INFORMATION_FORMAT = "dwarf-with-dsym";
				ENABLE_NS_ASSERTIONS = NO;
				ENABLE_STRICT_OBJC_MSGSEND = YES;
				GCC_C_LANGUAGE_STANDARD = gnu11;
				GCC_NO_COMMON_BLOCKS = YES;
				GCC_WARN_64_TO_32_BIT_CONVERSION = YES;
				GCC_WARN_ABOUT_RETURN_TYPE = YES_ERROR;
				GCC_WARN_UNDECLARED_SELECTOR = YES;
				GCC_WARN_UNINITIALIZED_AUTOS = YES_AGGRESSIVE;
				GCC_WARN_UNUSED_FUNCTION = YES;
				GCC_WARN_UNUSED_VARIABLE = YES;
				IPHONEOS_DEPLOYMENT_TARGET = 16.4;
				MTL_ENABLE_DEBUG_INFO = NO;
				MTL_FAST_MATH = YES;
				SDKROOT = iphoneos;
				SWIFT_COMPILATION_MODE = wholemodule;
				SWIFT_OPTIMIZATION_LEVEL = "-O";
				VALIDATE_PRODUCT = YES;
			};
			name = Release;
		};
		858B227F2ABA103D007498D0 /* Debug */ = {
			isa = XCBuildConfiguration;
			buildSettings = {
				ASSETCATALOG_COMPILER_APPICON_NAME = AppIcon;
				ASSETCATALOG_COMPILER_GLOBAL_ACCENT_COLOR_NAME = AccentColor;
				CODE_SIGN_STYLE = Automatic;
				CURRENT_PROJECT_VERSION = 1;
				DEVELOPMENT_ASSET_PATHS = "\"MovieSearch/Preview Content\"";
				DEVELOPMENT_TEAM = 8N942344B3;
				ENABLE_PREVIEWS = YES;
				GENERATE_INFOPLIST_FILE = YES;
				INFOPLIST_KEY_UIApplicationSceneManifest_Generation = YES;
				INFOPLIST_KEY_UIApplicationSupportsIndirectInputEvents = YES;
				INFOPLIST_KEY_UILaunchScreen_Generation = YES;
				INFOPLIST_KEY_UISupportedInterfaceOrientations_iPad = "UIInterfaceOrientationPortrait UIInterfaceOrientationPortraitUpsideDown UIInterfaceOrientationLandscapeLeft UIInterfaceOrientationLandscapeRight";
				INFOPLIST_KEY_UISupportedInterfaceOrientations_iPhone = "UIInterfaceOrientationPortrait UIInterfaceOrientationLandscapeLeft UIInterfaceOrientationLandscapeRight";
				LD_RUNPATH_SEARCH_PATHS = (
					"$(inherited)",
					"@executable_path/Frameworks",
				);
				MARKETING_VERSION = 1.0;
				PRODUCT_BUNDLE_IDENTIFIER = com.mehmetozkan.FilmSearch;
				PRODUCT_NAME = "$(TARGET_NAME)";
				SWIFT_EMIT_LOC_STRINGS = YES;
				SWIFT_VERSION = 5.0;
				TARGETED_DEVICE_FAMILY = "1,2";
			};
			name = Debug;
		};
		858B22802ABA103D007498D0 /* Release */ = {
			isa = XCBuildConfiguration;
			buildSettings = {
				ASSETCATALOG_COMPILER_APPICON_NAME = AppIcon;
				ASSETCATALOG_COMPILER_GLOBAL_ACCENT_COLOR_NAME = AccentColor;
				CODE_SIGN_STYLE = Automatic;
				CURRENT_PROJECT_VERSION = 1;
				DEVELOPMENT_ASSET_PATHS = "\"MovieSearch/Preview Content\"";
				DEVELOPMENT_TEAM = 8N942344B3;
				ENABLE_PREVIEWS = YES;
				GENERATE_INFOPLIST_FILE = YES;
				INFOPLIST_KEY_UIApplicationSceneManifest_Generation = YES;
				INFOPLIST_KEY_UIApplicationSupportsIndirectInputEvents = YES;
				INFOPLIST_KEY_UILaunchScreen_Generation = YES;
				INFOPLIST_KEY_UISupportedInterfaceOrientations_iPad = "UIInterfaceOrientationPortrait UIInterfaceOrientationPortraitUpsideDown UIInterfaceOrientationLandscapeLeft UIInterfaceOrientationLandscapeRight";
				INFOPLIST_KEY_UISupportedInterfaceOrientations_iPhone = "UIInterfaceOrientationPortrait UIInterfaceOrientationLandscapeLeft UIInterfaceOrientationLandscapeRight";
				LD_RUNPATH_SEARCH_PATHS = (
					"$(inherited)",
					"@executable_path/Frameworks",
				);
				MARKETING_VERSION = 1.0;
				PRODUCT_BUNDLE_IDENTIFIER = com.mehmetozkan.FilmSearch;
				PRODUCT_NAME = "$(TARGET_NAME)";
				SWIFT_EMIT_LOC_STRINGS = YES;
				SWIFT_VERSION = 5.0;
				TARGETED_DEVICE_FAMILY = "1,2";
			};
			name = Release;
		};
/* End XCBuildConfiguration section */

/* Begin XCConfigurationList section */
		858B226B2ABA103C007498D0 /* Build configuration list for PBXProject "MovieSearch" */ = {
			isa = XCConfigurationList;
			buildConfigurations = (
				858B227C2ABA103D007498D0 /* Debug */,
				858B227D2ABA103D007498D0 /* Release */,
			);
			defaultConfigurationIsVisible = 0;
			defaultConfigurationName = Release;
		};
		858B227E2ABA103D007498D0 /* Build configuration list for PBXNativeTarget "FilmSearch" */ = {
			isa = XCConfigurationList;
			buildConfigurations = (
				858B227F2ABA103D007498D0 /* Debug */,
				858B22802ABA103D007498D0 /* Release */,
			);
			defaultConfigurationIsVisible = 0;
			defaultConfigurationName = Release;
		};
/* End XCConfigurationList section */
	};
	rootObject = 858B22682ABA103C007498D0 /* Project object */;
}
